// !$*UTF8*$!
{
	archiveVersion = 1;
	classes = {
	};
	objectVersion = 46;
	objects = {

/* Begin PBXBuildFile section */
		54398A1E1E8820440063CF16 /* AppDelegate.swift in Sources */ = {isa = PBXBuildFile; fileRef = 54398A1D1E8820440063CF16 /* AppDelegate.swift */; };
		54398A251E8820440063CF16 /* Assets.xcassets in Resources */ = {isa = PBXBuildFile; fileRef = 54398A241E8820440063CF16 /* Assets.xcassets */; };
		54398A281E8820440063CF16 /* LaunchScreen.storyboard in Resources */ = {isa = PBXBuildFile; fileRef = 54398A261E8820440063CF16 /* LaunchScreen.storyboard */; };
		54398A3A1E8824320063CF16 /* BaseViewContrller.swift in Sources */ = {isa = PBXBuildFile; fileRef = 54398A391E8824320063CF16 /* BaseViewContrller.swift */; };
		543B612E1E8ABE460076EB0E /* UIKitViewController.swift in Sources */ = {isa = PBXBuildFile; fileRef = 543B612D1E8ABE460076EB0E /* UIKitViewController.swift */; };
/* End PBXBuildFile section */

/* Begin PBXFileReference section */
		54398A1A1E8820440063CF16 /* CDLearnSwift.app */ = {isa = PBXFileReference; explicitFileType = wrapper.application; includeInIndex = 0; path = CDLearnSwift.app; sourceTree = BUILT_PRODUCTS_DIR; };
		54398A1D1E8820440063CF16 /* AppDelegate.swift */ = {isa = PBXFileReference; lastKnownFileType = sourcecode.swift; path = AppDelegate.swift; sourceTree = "<group>"; };
		54398A241E8820440063CF16 /* Assets.xcassets */ = {isa = PBXFileReference; lastKnownFileType = folder.assetcatalog; path = Assets.xcassets; sourceTree = "<group>"; };
		54398A271E8820440063CF16 /* Base */ = {isa = PBXFileReference; lastKnownFileType = file.storyboard; name = Base; path = Base.lproj/LaunchScreen.storyboard; sourceTree = "<group>"; };
		54398A291E8820440063CF16 /* Info.plist */ = {isa = PBXFileReference; lastKnownFileType = text.plist.xml; path = Info.plist; sourceTree = "<group>"; };
		54398A391E8824320063CF16 /* BaseViewContrller.swift */ = {isa = PBXFileReference; fileEncoding = 4; lastKnownFileType = sourcecode.swift; path = BaseViewContrller.swift; sourceTree = "<group>"; };
		543B612D1E8ABE460076EB0E /* UIKitViewController.swift */ = {isa = PBXFileReference; fileEncoding = 4; lastKnownFileType = sourcecode.swift; path = UIKitViewController.swift; sourceTree = "<group>"; };
/* End PBXFileReference section */

/* Begin PBXFrameworksBuildPhase section */
		54398A171E8820440063CF16 /* Frameworks */ = {
			isa = PBXFrameworksBuildPhase;
			buildActionMask = 2147483647;
			files = (
			);
			runOnlyForDeploymentPostprocessing = 0;
		};
/* End PBXFrameworksBuildPhase section */

/* Begin PBXGroup section */
		54398A111E8820440063CF16 = {
			isa = PBXGroup;
			children = (
				54398A1C1E8820440063CF16 /* CDLearnSwift */,
				54398A1B1E8820440063CF16 /* Products */,
			);
			sourceTree = "<group>";
		};
		54398A1B1E8820440063CF16 /* Products */ = {
			isa = PBXGroup;
			children = (
				54398A1A1E8820440063CF16 /* CDLearnSwift.app */,
			);
			name = Products;
			sourceTree = "<group>";
		};
		54398A1C1E8820440063CF16 /* CDLearnSwift */ = {
			isa = PBXGroup;
			children = (
				54398A1D1E8820440063CF16 /* AppDelegate.swift */,
				54398A391E8824320063CF16 /* BaseViewContrller.swift */,
				54398A341E8821210063CF16 /* UIKit&Foundation */,
				54398A361E8821210063CF16 /* UITableView */,
				54398A2F1E8821210063CF16 /* Animations */,
				54398A301E8821210063CF16 /* Design Pattern */,
				54398A311E8821210063CF16 /* Library&Kit */,
				54398A321E8821210063CF16 /* Open Source */,
				54398A331E8821210063CF16 /* UICollectionView */,
				54398A351E8821210063CF16 /* UIScrollView */,
				54398A241E8820440063CF16 /* Assets.xcassets */,
				54398A261E8820440063CF16 /* LaunchScreen.storyboard */,
				54398A291E8820440063CF16 /* Info.plist */,
			);
			path = CDLearnSwift;
			sourceTree = "<group>";
		};
		54398A2F1E8821210063CF16 /* Animations */ = {
			isa = PBXGroup;
			children = (
			);
			path = Animations;
			sourceTree = "<group>";
		};
		54398A301E8821210063CF16 /* Design Pattern */ = {
			isa = PBXGroup;
			children = (
			);
			path = "Design Pattern";
			sourceTree = "<group>";
		};
		54398A311E8821210063CF16 /* Library&Kit */ = {
			isa = PBXGroup;
			children = (
			);
			path = "Library&Kit";
			sourceTree = "<group>";
		};
		54398A321E8821210063CF16 /* Open Source */ = {
			isa = PBXGroup;
			children = (
			);
			path = "Open Source";
			sourceTree = "<group>";
		};
		54398A331E8821210063CF16 /* UICollectionView */ = {
			isa = PBXGroup;
			children = (
			);
			path = UICollectionView;
			sourceTree = "<group>";
		};
		54398A341E8821210063CF16 /* UIKit&Foundation */ = {
			isa = PBXGroup;
			children = (
				543B612D1E8ABE460076EB0E /* UIKitViewController.swift */,
			);
			path = "UIKit&Foundation";
			sourceTree = "<group>";
		};
		54398A351E8821210063CF16 /* UIScrollView */ = {
			isa = PBXGroup;
			children = (
			);
			path = UIScrollView;
			sourceTree = "<group>";
		};
		54398A361E8821210063CF16 /* UITableView */ = {
			isa = PBXGroup;
			children = (
			);
			path = UITableView;
			sourceTree = "<group>";
		};
/* End PBXGroup section */

/* Begin PBXNativeTarget section */
		54398A191E8820440063CF16 /* CDLearnSwift */ = {
			isa = PBXNativeTarget;
			buildConfigurationList = 54398A2C1E8820440063CF16 /* Build configuration list for PBXNativeTarget "CDLearnSwift" */;
			buildPhases = (
				54398A161E8820440063CF16 /* Sources */,
				54398A171E8820440063CF16 /* Frameworks */,
				54398A181E8820440063CF16 /* Resources */,
			);
			buildRules = (
			);
			dependencies = (
			);
			name = CDLearnSwift;
			productName = CDLearnSwift;
			productReference = 54398A1A1E8820440063CF16 /* CDLearnSwift.app */;
			productType = "com.apple.product-type.application";
		};
/* End PBXNativeTarget section */

/* Begin PBXProject section */
		54398A121E8820440063CF16 /* Project object */ = {
			isa = PBXProject;
			attributes = {
				LastSwiftUpdateCheck = 0810;
				LastUpgradeCheck = 0810;
				ORGANIZATIONNAME = chendi;
				TargetAttributes = {
					54398A191E8820440063CF16 = {
						CreatedOnToolsVersion = 8.1;
						ProvisioningStyle = Automatic;
					};
				};
			};
			buildConfigurationList = 54398A151E8820440063CF16 /* Build configuration list for PBXProject "CDLearnSwift" */;
			compatibilityVersion = "Xcode 3.2";
			developmentRegion = English;
			hasScannedForEncodings = 0;
			knownRegions = (
				en,
				Base,
			);
			mainGroup = 54398A111E8820440063CF16;
			productRefGroup = 54398A1B1E8820440063CF16 /* Products */;
			projectDirPath = "";
			projectRoot = "";
			targets = (
				54398A191E8820440063CF16 /* CDLearnSwift */,
			);
		};
/* End PBXProject section */

/* Begin PBXResourcesBuildPhase section */
		54398A181E8820440063CF16 /* Resources */ = {
			isa = PBXResourcesBuildPhase;
			buildActionMask = 2147483647;
			files = (
				54398A281E8820440063CF16 /* LaunchScreen.storyboard in Resources */,
				54398A251E8820440063CF16 /* Assets.xcassets in Resources */,
			);
			runOnlyForDeploymentPostprocessing = 0;
		};
/* End PBXResourcesBuildPhase section */

/* Begin PBXSourcesBuildPhase section */
		54398A161E8820440063CF16 /* Sources */ = {
			isa = PBXSourcesBuildPhase;
			buildActionMask = 2147483647;
			files = (
				54398A1E1E8820440063CF16 /* AppDelegate.swift in Sources */,
				54398A3A1E8824320063CF16 /* BaseViewContrller.swift in Sources */,
				543B612E1E8ABE460076EB0E /* UIKitViewController.swift in Sources */,
			);
			runOnlyForDeploymentPostprocessing = 0;
		};
/* End PBXSourcesBuildPhase section */

/* Begin PBXVariantGroup section */
		54398A261E8820440063CF16 /* LaunchScreen.storyboard */ = {
			isa = PBXVariantGroup;
			children = (
				54398A271E8820440063CF16 /* Base */,
			);
			name = LaunchScreen.storyboard;
			sourceTree = "<group>";
		};
/* End PBXVariantGroup section */

/* Begin XCBuildConfiguration section */
		54398A2A1E8820440063CF16 /* Debug */ = {
			isa = XCBuildConfiguration;
			buildSettings = {
				ALWAYS_SEARCH_USER_PATHS = NO;
				CLANG_ANALYZER_NONNULL = YES;
				CLANG_CXX_LANGUAGE_STANDARD = "gnu++0x";
				CLANG_CXX_LIBRARY = "libc++";
				CLANG_ENABLE_MODULES = YES;
				CLANG_ENABLE_OBJC_ARC = YES;
				CLANG_WARN_BOOL_CONVERSION = YES;
				CLANG_WARN_CONSTANT_CONVERSION = YES;
				CLANG_WARN_DIRECT_OBJC_ISA_USAGE = YES_ERROR;
				CLANG_WARN_DOCUMENTATION_COMMENTS = YES;
				CLANG_WARN_EMPTY_BODY = YES;
				CLANG_WARN_ENUM_CONVERSION = YES;
				CLANG_WARN_INFINITE_RECURSION = YES;
				CLANG_WARN_INT_CONVERSION = YES;
				CLANG_WARN_OBJC_ROOT_CLASS = YES_ERROR;
				CLANG_WARN_SUSPICIOUS_MOVES = YES;
				CLANG_WARN_UNREACHABLE_CODE = YES;
				CLANG_WARN__DUPLICATE_METHOD_MATCH = YES;
				"CODE_SIGN_IDENTITY[sdk=iphoneos*]" = "iPhone Developer";
				COPY_PHASE_STRIP = NO;
				DEBUG_INFORMATION_FORMAT = dwarf;
				ENABLE_STRICT_OBJC_MSGSEND = YES;
				ENABLE_TESTABILITY = YES;
				GCC_C_LANGUAGE_STANDARD = gnu99;
				GCC_DYNAMIC_NO_PIC = NO;
				GCC_NO_COMMON_BLOCKS = YES;
				GCC_OPTIMIZATION_LEVEL = 0;
				GCC_PREPROCESSOR_DEFINITIONS = (
					"DEBUG=1",
					"$(inherited)",
				);
				GCC_WARN_64_TO_32_BIT_CONVERSION = YES;
				GCC_WARN_ABOUT_RETURN_TYPE = YES_ERROR;
				GCC_WARN_UNDECLARED_SELECTOR = YES;
				GCC_WARN_UNINITIALIZED_AUTOS = YES_AGGRESSIVE;
				GCC_WARN_UNUSED_FUNCTION = YES;
				GCC_WARN_UNUSED_VARIABLE = YES;
				IPHONEOS_DEPLOYMENT_TARGET = 10.1;
				MTL_ENABLE_DEBUG_INFO = YES;
				ONLY_ACTIVE_ARCH = YES;
				SDKROOT = iphoneos;
				SWIFT_ACTIVE_COMPILATION_CONDITIONS = DEBUG;
				SWIFT_OPTIMIZATION_LEVEL = "-Onone";
			};
			name = Debug;
		};
		54398A2B1E8820440063CF16 /* Release */ = {
			isa = XCBuildConfiguration;
			buildSettings = {
				ALWAYS_SEARCH_USER_PATHS = NO;
				CLANG_ANALYZER_NONNULL = YES;
				CLANG_CXX_LANGUAGE_STANDARD = "gnu++0x";
				CLANG_CXX_LIBRARY = "libc++";
				CLANG_ENABLE_MODULES = YES;
				CLANG_ENABLE_OBJC_ARC = YES;
				CLANG_WARN_BOOL_CONVERSION = YES;
				CLANG_WARN_CONSTANT_CONVERSION = YES;
				CLANG_WARN_DIRECT_OBJC_ISA_USAGE = YES_ERROR;
				CLANG_WARN_DOCUMENTATION_COMMENTS = YES;
				CLANG_WARN_EMPTY_BODY = YES;
				CLANG_WARN_ENUM_CONVERSION = YES;
				CLANG_WARN_INFINITE_RECURSION = YES;
				CLANG_WARN_INT_CONVERSION = YES;
				CLANG_WARN_OBJC_ROOT_CLASS = YES_ERROR;
				CLANG_WARN_SUSPICIOUS_MOVES = YES;
				CLANG_WARN_UNREACHABLE_CODE = YES;
				CLANG_WARN__DUPLICATE_METHOD_MATCH = YES;
				"CODE_SIGN_IDENTITY[sdk=iphoneos*]" = "iPhone Developer";
				COPY_PHASE_STRIP = NO;
				DEBUG_INFORMATION_FORMAT = "dwarf-with-dsym";
				ENABLE_NS_ASSERTIONS = NO;
				ENABLE_STRICT_OBJC_MSGSEND = YES;
				GCC_C_LANGUAGE_STANDARD = gnu99;
				GCC_NO_COMMON_BLOCKS = YES;
				GCC_WARN_64_TO_32_BIT_CONVERSION = YES;
				GCC_WARN_ABOUT_RETURN_TYPE = YES_ERROR;
				GCC_WARN_UNDECLARED_SELECTOR = YES;
				GCC_WARN_UNINITIALIZED_AUTOS = YES_AGGRESSIVE;
				GCC_WARN_UNUSED_FUNCTION = YES;
				GCC_WARN_UNUSED_VARIABLE = YES;
				IPHONEOS_DEPLOYMENT_TARGET = 10.1;
				MTL_ENABLE_DEBUG_INFO = NO;
				SDKROOT = iphoneos;
				SWIFT_OPTIMIZATION_LEVEL = "-Owholemodule";
				VALIDATE_PRODUCT = YES;
			};
			name = Release;
		};
		54398A2D1E8820440063CF16 /* Debug */ = {
			isa = XCBuildConfiguration;
			buildSettings = {
				ASSETCATALOG_COMPILER_APPICON_NAME = AppIcon;
				INFOPLIST_FILE = CDLearnSwift/Info.plist;
				LD_RUNPATH_SEARCH_PATHS = "$(inherited) @executable_path/Frameworks";
				PRODUCT_BUNDLE_IDENTIFIER = chendi.CDLearnSwift;
				PRODUCT_NAME = "$(TARGET_NAME)";
				SWIFT_VERSION = 3.0;
			};
			name = Debug;
		};
		54398A2E1E8820440063CF16 /* Release */ = {
			isa = XCBuildConfiguration;
			buildSettings = {
				ASSETCATALOG_COMPILER_APPICON_NAME = AppIcon;
				INFOPLIST_FILE = CDLearnSwift/Info.plist;
				LD_RUNPATH_SEARCH_PATHS = "$(inherited) @executable_path/Frameworks";
				PRODUCT_BUNDLE_IDENTIFIER = chendi.CDLearnSwift;
				PRODUCT_NAME = "$(TARGET_NAME)";
				SWIFT_VERSION = 3.0;
			};
			name = Release;
		};
/* End XCBuildConfiguration section */

/* Begin XCConfigurationList section */
		54398A151E8820440063CF16 /* Build configuration list for PBXProject "CDLearnSwift" */ = {
			isa = XCConfigurationList;
			buildConfigurations = (
				54398A2A1E8820440063CF16 /* Debug */,
				54398A2B1E8820440063CF16 /* Release */,
			);
			defaultConfigurationIsVisible = 0;
			defaultConfigurationName = Release;
		};
		54398A2C1E8820440063CF16 /* Build configuration list for PBXNativeTarget "CDLearnSwift" */ = {
			isa = XCConfigurationList;
			buildConfigurations = (
				54398A2D1E8820440063CF16 /* Debug */,
				54398A2E1E8820440063CF16 /* Release */,
			);
			defaultConfigurationIsVisible = 0;
			defaultConfigurationName = Release;
		};
/* End XCConfigurationList section */
	};
	rootObject = 54398A121E8820440063CF16 /* Project object */;
}
